
Microsoft Visual Studio Solution File, Format Version 12.00
# Visual Studio Version 16
VisualStudioVersion = 16.0.30204.135
MinimumVisualStudioVersion = 15.0.26124.0
Project("{FAE04EC0-301F-11D3-BF4B-00C04F79EFBC}") = "LinqGarden", "LinqGarden\LinqGarden.csproj", "{957227F6-F951-454B-98F8-EC49B9A4CD9C}"
EndProject
Project("{FAE04EC0-301F-11D3-BF4B-00C04F79EFBC}") = "LinqGarden.UnitTests", "LinqGarden.UnitTests\LinqGarden.UnitTests.csproj", "{F429EAC8-3ACD-47CD-BC56-64B3C15FA0C3}"
EndProject
Global
	GlobalSection(SolutionConfigurationPlatforms) = preSolution
		Debug|Any CPU = Debug|Any CPU
		Debug|x64 = Debug|x64
		Debug|x86 = Debug|x86
		Release|Any CPU = Release|Any CPU
		Release|x64 = Release|x64
		Release|x86 = Release|x86
	EndGlobalSection
	GlobalSection(ProjectConfigurationPlatforms) = postSolution
		{957227F6-F951-454B-98F8-EC49B9A4CD9C}.Debug|Any CPU.ActiveCfg = Debug|Any CPU
		{957227F6-F951-454B-98F8-EC49B9A4CD9C}.Debug|Any CPU.Build.0 = Debug|Any CPU
		{957227F6-F951-454B-98F8-EC49B9A4CD9C}.Debug|x64.ActiveCfg = Debug|Any CPU
		{957227F6-F951-454B-98F8-EC49B9A4CD9C}.Debug|x64.Build.0 = Debug|Any CPU
		{957227F6-F951-454B-98F8-EC49B9A4CD9C}.Debug|x86.ActiveCfg = Debug|Any CPU
		{957227F6-F951-454B-98F8-EC49B9A4CD9C}.Debug|x86.Build.0 = Debug|Any CPU
		{957227F6-F951-454B-98F8-EC49B9A4CD9C}.Release|Any CPU.ActiveCfg = Release|Any CPU
		{957227F6-F951-454B-98F8-EC49B9A4CD9C}.Release|Any CPU.Build.0 = Release|Any CPU
		{957227F6-F951-454B-98F8-EC49B9A4CD9C}.Release|x64.ActiveCfg = Release|Any CPU
		{957227F6-F951-454B-98F8-EC49B9A4CD9C}.Release|x64.Build.0 = Release|Any CPU
		{957227F6-F951-454B-98F8-EC49B9A4CD9C}.Release|x86.ActiveCfg = Release|Any CPU
		{957227F6-F951-454B-98F8-EC49B9A4CD9C}.Release|x86.Build.0 = Release|Any CPU
		{F429EAC8-3ACD-47CD-BC56-64B3C15FA0C3}.Debug|Any CPU.ActiveCfg = Debug|Any CPU
		{F429EAC8-3ACD-47CD-BC56-64B3C15FA0C3}.Debug|Any CPU.Build.0 = Debug|Any CPU
		{F429EAC8-3ACD-47CD-BC56-64B3C15FA0C3}.Debug|x64.ActiveCfg = Debug|Any CPU
		{F429EAC8-3ACD-47CD-BC56-64B3C15FA0C3}.Debug|x64.Build.0 = Debug|Any CPU
		{F429EAC8-3ACD-47CD-BC56-64B3C15FA0C3}.Debug|x86.ActiveCfg = Debug|Any CPU
		{F429EAC8-3ACD-47CD-BC56-64B3C15FA0C3}.Debug|x86.Build.0 = Debug|Any CPU
		{F429EAC8-3ACD-47CD-BC56-64B3C15FA0C3}.Release|Any CPU.ActiveCfg = Release|Any CPU
		{F429EAC8-3ACD-47CD-BC56-64B3C15FA0C3}.Release|Any CPU.Build.0 = Release|Any CPU
		{F429EAC8-3ACD-47CD-BC56-64B3C15FA0C3}.Release|x64.ActiveCfg = Release|Any CPU
		{F429EAC8-3ACD-47CD-BC56-64B3C15FA0C3}.Release|x64.Build.0 = Release|Any CPU
		{F429EAC8-3ACD-47CD-BC56-64B3C15FA0C3}.Release|x86.ActiveCfg = Release|Any CPU
		{F429EAC8-3ACD-47CD-BC56-64B3C15FA0C3}.Release|x86.Build.0 = Release|Any CPU
	EndGlobalSection
	GlobalSection(SolutionProperties) = preSolution
		HideSolutionNode = FALSE
	EndGlobalSection
	GlobalSection(ExtensibilityGlobals) = postSolution
		SolutionGuid = {83319A86-1D2D-4EBA-8F23-85015719B2C5}
	EndGlobalSection
EndGlobal
